
Microsoft Visual Studio Solution File, Format Version 12.00
# Visual Studio Version 16
VisualStudioVersion = 16.0.30204.135
MinimumVisualStudioVersion = 10.0.40219.1
Project("{FAE04EC0-301F-11D3-BF4B-00C04F79EFBC}") = "SM3DAllStarsGalaxyConverter", "SM3DAllStarsGalaxyConverter\SM3DAllStarsGalaxyConverter.csproj", "{163BB1E4-99F6-4B24-B302-3F5BDC516D0B}"
EndProject
Global
	GlobalSection(SolutionConfigurationPlatforms) = preSolution
		Debug|Any CPU = Debug|Any CPU
		Release|Any CPU = Release|Any CPU
	EndGlobalSection
	GlobalSection(ProjectConfigurationPlatforms) = postSolution
		{163BB1E4-99F6-4B24-B302-3F5BDC516D0B}.Debug|Any CPU.ActiveCfg = Debug|Any CPU
		{163BB1E4-99F6-4B24-B302-3F5BDC516D0B}.Debug|Any CPU.Build.0 = Debug|Any CPU
		{163BB1E4-99F6-4B24-B302-3F5BDC516D0B}.Release|Any CPU.ActiveCfg = Release|Any CPU
		{163BB1E4-99F6-4B24-B302-3F5BDC516D0B}.Release|Any CPU.Build.0 = Release|Any CPU
	EndGlobalSection
	GlobalSection(SolutionProperties) = preSolution
		HideSolutionNode = FALSE
	EndGlobalSection
	GlobalSection(ExtensibilityGlobals) = postSolution
		SolutionGuid = {D6F5C6B8-CB4D-4BAC-950C-2DAA661F1D78}
	EndGlobalSection
EndGlobal
